
Microsoft Visual Studio Solution File, Format Version 12.00
# Visual Studio 15
VisualStudioVersion = 15.0.27130.2010
MinimumVisualStudioVersion = 10.0.40219.1
Project("{FAE04EC0-301F-11D3-BF4B-00C04F79EFBC}") = "ProjektNaPO", "ProjektNaPO\ProjektNaPO.csproj", "{687BB248-48B1-49BB-B829-84C8351E35F2}"
EndProject
Global
	GlobalSection(SolutionConfigurationPlatforms) = preSolution
		Debug|Any CPU = Debug|Any CPU
		Release|Any CPU = Release|Any CPU
	EndGlobalSection
	GlobalSection(ProjectConfigurationPlatforms) = postSolution
		{687BB248-48B1-49BB-B829-84C8351E35F2}.Debug|Any CPU.ActiveCfg = Debug|Any CPU
		{687BB248-48B1-49BB-B829-84C8351E35F2}.Debug|Any CPU.Build.0 = Debug|Any CPU
		{687BB248-48B1-49BB-B829-84C8351E35F2}.Release|Any CPU.ActiveCfg = Release|Any CPU
		{687BB248-48B1-49BB-B829-84C8351E35F2}.Release|Any CPU.Build.0 = Release|Any CPU
	EndGlobalSection
	GlobalSection(SolutionProperties) = preSolution
		HideSolutionNode = FALSE
	EndGlobalSection
	GlobalSection(ExtensibilityGlobals) = postSolution
		SolutionGuid = {1F45F5F3-C4E3-4F01-9A06-AFB0FC55BAE5}
	EndGlobalSection
EndGlobal
